<?xml version="1.0" encoding="utf-8"?>
<Project ToolsVersion="17.0" xmlns="http://schemas.microsoft.com/developer/msbuild/2003">
  <ItemGroup>
    <ClCompile Include="E:\game\engine\src\assets\asset_manager.cpp">
      <Filter>Source Files</Filter>
    </ClCompile>
    <ClCompile Include="E:\game\engine\src\assets\async_loader.cpp">
      <Filter>Source Files</Filter>
    </ClCompile>
    <ClCompile Include="E:\game\engine\src\assets\bc1.cpp">
      <Filter>Source Files</Filter>
    </ClCompile>
    <ClCompile Include="E:\game\engine\src\anim\anim.cpp">
      <Filter>Source Files</Filter>
    </ClCompile>
    <ClCompile Include="E:\game\engine\src\audio\audio.cpp">
      <Filter>Source Files</Filter>
    </ClCompile>
    <ClCompile Include="E:\game\engine\src\audio\miniaudio\ma_audio.cpp">
      <Filter>Source Files</Filter>
    </ClCompile>
    <ClCompile Include="E:\game\engine\src\core\app.cpp">
      <Filter>Source Files</Filter>
    </ClCompile>
    <ClCompile Include="E:\game\engine\src\core\config.cpp">
      <Filter>Source Files</Filter>
    </ClCompile>
    <ClCompile Include="E:\game\engine\src\core\crash.cpp">
      <Filter>Source Files</Filter>
    </ClCompile>
    <ClCompile Include="E:\game\engine\src\core\log.cpp">
      <Filter>Source Files</Filter>
    </ClCompile>
    <ClCompile Include="E:\game\engine\src\core\mem_stats.cpp">
      <Filter>Source Files</Filter>
    </ClCompile>
    <ClCompile Include="E:\game\engine\src\core\profiler.cpp">
      <Filter>Source Files</Filter>
    </ClCompile>
    <ClCompile Include="E:\game\engine\src\ecs\world.cpp">
      <Filter>Source Files</Filter>
    </ClCompile>
    <ClCompile Include="E:\game\engine\src\ecs\parallel.cpp">
      <Filter>Source Files</Filter>
    </ClCompile>
    <ClCompile Include="E:\game\engine\src\ecs\task_graph.cpp">
      <Filter>Source Files</Filter>
    </ClCompile>
    <ClCompile Include="E:\game\engine\src\ecs\system_scheduler.cpp">
      <Filter>Source Files</Filter>
    </ClCompile>
    <ClCompile Include="E:\game\engine\src\io\vfs.cpp">
      <Filter>Source Files</Filter>
    </ClCompile>
    <ClCompile Include="E:\game\engine\src\core\json.cpp">
      <Filter>Source Files</Filter>
    </ClCompile>
    <ClCompile Include="E:\game\engine\src\core\localization.cpp">
      <Filter>Source Files</Filter>
    </ClCompile>
    <ClCompile Include="E:\game\engine\src\core\serialize.cpp">
      <Filter>Source Files</Filter>
    </ClCompile>
    <ClCompile Include="E:\game\engine\src\core\pack.cpp">
      <Filter>Source Files</Filter>
    </ClCompile>
    <ClCompile Include="E:\game\engine\src\net\protocol.cpp">
      <Filter>Source Files</Filter>
    </ClCompile>
    <ClCompile Include="E:\game\engine\src\net\socket.cpp">
      <Filter>Source Files</Filter>
    </ClCompile>
    <ClCompile Include="E:\game\engine\src\net\reliable.cpp">
      <Filter>Source Files</Filter>
    </ClCompile>
    <ClCompile Include="E:\game\engine\src\nav\nav_grid.cpp">
      <Filter>Source Files</Filter>
    </ClCompile>
    <ClCompile Include="E:\game\engine\src\plugin\plugin.cpp">
      <Filter>Source Files</Filter>
    </ClCompile>
    <ClCompile Include="E:\game\engine\src\plugin\runtime_plugin.cpp">
      <Filter>Source Files</Filter>
    </ClCompile>
    <ClCompile Include="E:\game\engine\src\plugin\native.cpp">
      <Filter>Source Files</Filter>
    </ClCompile>
    <ClCompile Include="E:\game\engine\src\plugin\backend.cpp">
      <Filter>Source Files</Filter>
    </ClCompile>
    <ClCompile Include="E:\game\engine\src\gfx\color.cpp">
      <Filter>Source Files</Filter>
    </ClCompile>
    <ClCompile Include="E:\game\engine\src\gfx\csm.cpp">
      <Filter>Source Files</Filter>
    </ClCompile>
    <ClCompile Include="E:\game\engine\src\gfx\font.cpp">
      <Filter>Source Files</Filter>
    </ClCompile>
    <ClCompile Include="E:\game\engine\src\gfx\ibl.cpp">
      <Filter>Source Files</Filter>
    </ClCompile>
    <ClCompile Include="E:\game\engine\src\gfx\mesh.cpp">
      <Filter>Source Files</Filter>
    </ClCompile>
    <ClCompile Include="E:\game\engine\src\gfx\scene_props.cpp">
      <Filter>Source Files</Filter>
    </ClCompile>
    <ClCompile Include="E:\game\engine\src\gfx\terrain.cpp">
      <Filter>Source Files</Filter>
    </ClCompile>
    <ClCompile Include="E:\game\engine\src\gfx\light_probe.cpp">
      <Filter>Source Files</Filter>
    </ClCompile>
    <ClCompile Include="E:\game\engine\src\gfx\particles.cpp">
      <Filter>Source Files</Filter>
    </ClCompile>
    <ClCompile Include="E:\game\engine\src\gfx\renderer.cpp">
      <Filter>Source Files</Filter>
    </ClCompile>
    <ClCompile Include="E:\game\engine\src\gfx\gl\gl_loader.cpp">
      <Filter>Source Files</Filter>
    </ClCompile>
    <ClCompile Include="E:\game\engine\src\gfx\gl\gl_backend.cpp">
      <Filter>Source Files</Filter>
    </ClCompile>
    <ClCompile Include="E:\game\engine\src\physics\physics.cpp">
      <Filter>Source Files</Filter>
    </ClCompile>
    <ClCompile Include="E:\game\engine\src\platform\input.cpp">
      <Filter>Source Files</Filter>
    </ClCompile>
    <ClCompile Include="E:\game\engine\src\scene\scene_file.cpp">
      <Filter>Source Files</Filter>
    </ClCompile>
    <ClCompile Include="E:\game\engine\src\scene\component_schema.cpp">
      <Filter>Source Files</Filter>
    </ClCompile>
    <ClCompile Include="E:\game\engine\src\scene\scene_manager.cpp">
      <Filter>Source Files</Filter>
    </ClCompile>
    <ClCompile Include="E:\game\engine\src\scene\game_manifest.cpp">
      <Filter>Source Files</Filter>
    </ClCompile>
    <ClCompile Include="E:\game\engine\src\scene\game_runtime.cpp">
      <Filter>Source Files</Filter>
    </ClCompile>
    <ClCompile Include="E:\game\engine\src\scene\skinned_model.cpp">
      <Filter>Source Files</Filter>
    </ClCompile>
    <ClCompile Include="E:\game\engine\src\scene\skills.cpp">
      <Filter>Source Files</Filter>
    </ClCompile>
    <ClCompile Include="E:\game\engine\src\scene\status.cpp">
      <Filter>Source Files</Filter>
    </ClCompile>
    <ClCompile Include="E:\game\engine\src\scene\world_chunk.cpp">
      <Filter>Source Files</Filter>
    </ClCompile>
    <ClCompile Include="E:\game\engine\src\script\lua_host.cpp">
      <Filter>Source Files</Filter>
    </ClCompile>
    <ClCompile Include="E:\game\engine\src\script\script_manager.cpp">
      <Filter>Source Files</Filter>
    </ClCompile>
    <ClCompile Include="E:\game\engine\src\script\gamevars.cpp">
      <Filter>Source Files</Filter>
    </ClCompile>
    <ClCompile Include="E:\game\engine\src\script\bindings.cpp">
      <Filter>Source Files</Filter>
    </ClCompile>
    <ClCompile Include="E:\game\engine\src\script\input_map.cpp">
      <Filter>Source Files</Filter>
    </ClCompile>
    <ClCompile Include="E:\game\engine\src\bt\behavior_tree.cpp">
      <Filter>Source Files</Filter>
    </ClCompile>
    <ClCompile Include="E:\game\engine\src\ui\ui.cpp">
      <Filter>Source Files</Filter>
    </ClCompile>
    <ClCompile Include="E:\game\engine\src\ui\system.cpp">
      <Filter>Source Files</Filter>
    </ClCompile>
    <ClCompile Include="E:\game\engine\src\ui\document.cpp">
      <Filter>Source Files</Filter>
    </ClCompile>
    <ClCompile Include="E:\game\engine\src\script\js_host.cpp">
      <Filter>Source Files</Filter>
    </ClCompile>
    <ClCompile Include="E:\game\engine\src\platform\win32\win32_window.cpp">
      <Filter>Source Files</Filter>
    </ClCompile>
    <ClCompile Include="E:\game\engine\src\audio\winmm\winmm_audio.cpp">
      <Filter>Source Files</Filter>
    </ClCompile>
    <ClCompile Include="E:\game\engine\src\physics\jolt_world.cpp">
      <Filter>Source Files</Filter>
    </ClCompile>
  </ItemGroup>
  <ItemGroup>
    <CustomBuild Include="E:\game\CMakeLists.txt" />
  </ItemGroup>
  <ItemGroup>
    <Filter Include="Source Files">
      <UniqueIdentifier>{CED6A5C8-3C27-3348-86F6-C03536E21D0F}</UniqueIdentifier>
    </Filter>
  </ItemGroup>
</Project>
