<?xml version="1.0" encoding="utf-8"?>
<Project ToolsVersion="17.0" xmlns="http://schemas.microsoft.com/developer/msbuild/2003">
  <ItemGroup>
    <ClCompile Include="E:\game\editor\src\main.cpp">
      <Filter>Source Files</Filter>
    </ClCompile>
    <ClCompile Include="E:\game\editor\src\editor.cpp">
      <Filter>Source Files</Filter>
    </ClCompile>
    <ClCompile Include="E:\game\editor\src\editor_viewport.cpp">
      <Filter>Source Files</Filter>
    </ClCompile>
    <ClCompile Include="E:\game\editor\src\editor_scene.cpp">
      <Filter>Source Files</Filter>
    </ClCompile>
    <ClCompile Include="E:\game\editor\src\editor_ui.cpp">
      <Filter>Source Files</Filter>
    </ClCompile>
    <ClCompile Include="E:\game\editor\src\editor_assets.cpp">
      <Filter>Source Files</Filter>
    </ClCompile>
    <ClCompile Include="E:\game\editor\src\editor_util.cpp">
      <Filter>Source Files</Filter>
    </ClCompile>
    <ClCompile Include="E:\game\editor\src\editor_play.cpp">
      <Filter>Source Files</Filter>
    </ClCompile>
    <ClCompile Include="E:\game\editor\src\editor_smoke.cpp">
      <Filter>Source Files</Filter>
    </ClCompile>
    <ClCompile Include="E:\game\editor\src\editor_plugin.cpp">
      <Filter>Source Files</Filter>
    </ClCompile>
    <ClCompile Include="E:\game\editor\src\editor_plugins.cpp">
      <Filter>Source Files</Filter>
    </ClCompile>
    <ClCompile Include="E:\game\editor\src\panels.cpp">
      <Filter>Source Files</Filter>
    </ClCompile>
    <ClCompile Include="E:\game\editor\src\history.cpp">
      <Filter>Source Files</Filter>
    </ClCompile>
    <ClCompile Include="E:\game\editor\src\bt_editor.cpp">
      <Filter>Source Files</Filter>
    </ClCompile>
    <ClCompile Include="E:\game\editor\src\packager.cpp">
      <Filter>Source Files</Filter>
    </ClCompile>
  </ItemGroup>
  <ItemGroup>
    <CustomBuild Include="E:\game\CMakeLists.txt" />
  </ItemGroup>
  <ItemGroup>
    <ResourceCompile Include="E:\game\platform\win32\neon.rc">
      <Filter>Source Files</Filter>
    </ResourceCompile>
  </ItemGroup>
  <ItemGroup>
    <Filter Include="Source Files">
      <UniqueIdentifier>{CED6A5C8-3C27-3348-86F6-C03536E21D0F}</UniqueIdentifier>
    </Filter>
  </ItemGroup>
</Project>
