<?xml version="1.0" encoding="utf-8"?>
<Project ToolsVersion="17.0" xmlns="http://schemas.microsoft.com/developer/msbuild/2003">
  <ItemGroup>
    <ClCompile Include="E:\game\tests\test_main.cpp">
      <Filter>Source Files</Filter>
    </ClCompile>
    <ClCompile Include="E:\game\tests\test_serialize.cpp">
      <Filter>Source Files</Filter>
    </ClCompile>
    <ClCompile Include="E:\game\tests\test_pack.cpp">
      <Filter>Source Files</Filter>
    </ClCompile>
    <ClCompile Include="E:\game\tests\test_physics.cpp">
      <Filter>Source Files</Filter>
    </ClCompile>
    <ClCompile Include="E:\game\tests\test_protocol.cpp">
      <Filter>Source Files</Filter>
    </ClCompile>
    <ClCompile Include="E:\game\tests\test_obj.cpp">
      <Filter>Source Files</Filter>
    </ClCompile>
    <ClCompile Include="E:\game\tests\test_gltf.cpp">
      <Filter>Source Files</Filter>
    </ClCompile>
    <ClCompile Include="E:\game\tests\test_json.cpp">
      <Filter>Source Files</Filter>
    </ClCompile>
    <ClCompile Include="E:\game\tests\test_ui_document.cpp">
      <Filter>Source Files</Filter>
    </ClCompile>
    <ClCompile Include="E:\game\tests\test_vfs.cpp">
      <Filter>Source Files</Filter>
    </ClCompile>
    <ClCompile Include="E:\game\tests\test_scene_tree.cpp">
      <Filter>Source Files</Filter>
    </ClCompile>
    <ClCompile Include="E:\game\tests\test_asset_deps.cpp">
      <Filter>Source Files</Filter>
    </ClCompile>
    <ClCompile Include="E:\game\tests\test_bvh.cpp">
      <Filter>Source Files</Filter>
    </ClCompile>
    <ClCompile Include="E:\game\tests\test_terrain.cpp">
      <Filter>Source Files</Filter>
    </ClCompile>
    <ClCompile Include="E:\game\tests\test_light_probe.cpp">
      <Filter>Source Files</Filter>
    </ClCompile>
    <ClCompile Include="E:\game\tests\test_ssao.cpp">
      <Filter>Source Files</Filter>
    </ClCompile>
    <ClCompile Include="E:\game\tests\test_volumetric.cpp">
      <Filter>Source Files</Filter>
    </ClCompile>
    <ClCompile Include="E:\game\tests\test_ssr.cpp">
      <Filter>Source Files</Filter>
    </ClCompile>
    <ClCompile Include="E:\game\tests\test_fog.cpp">
      <Filter>Source Files</Filter>
    </ClCompile>
    <ClCompile Include="E:\game\tests\test_pvz_project.cpp">
      <Filter>Source Files</Filter>
    </ClCompile>
    <ClCompile Include="E:\game\tests\test_profiler.cpp">
      <Filter>Source Files</Filter>
    </ClCompile>
    <ClCompile Include="E:\game\tests\test_task_graph.cpp">
      <Filter>Source Files</Filter>
    </ClCompile>
    <ClCompile Include="E:\game\tests\test_script.cpp">
      <Filter>Source Files</Filter>
    </ClCompile>
    <ClCompile Include="E:\game\tests\test_script_bindings.cpp">
      <Filter>Source Files</Filter>
    </ClCompile>
    <ClCompile Include="E:\game\tests\test_script_determinism.cpp">
      <Filter>Source Files</Filter>
    </ClCompile>
    <ClCompile Include="E:\game\tests\test_script_js.cpp">
      <Filter>Source Files</Filter>
    </ClCompile>
    <ClCompile Include="E:\game\tests\test_plugin.cpp">
      <Filter>Source Files</Filter>
    </ClCompile>
    <ClCompile Include="E:\game\tests\test_plugin_native.cpp">
      <Filter>Source Files</Filter>
    </ClCompile>
    <ClCompile Include="E:\game\tests\test_input_map.cpp">
      <Filter>Source Files</Filter>
    </ClCompile>
    <ClCompile Include="E:\game\tests\test_mem_stats.cpp">
      <Filter>Source Files</Filter>
    </ClCompile>
    <ClCompile Include="E:\game\tests\test_gpu_memory.cpp">
      <Filter>Source Files</Filter>
    </ClCompile>
    <ClCompile Include="E:\game\tests\test_plugin_audio.cpp">
      <Filter>Source Files</Filter>
    </ClCompile>
    <ClCompile Include="E:\game\tests\test_bt.cpp">
      <Filter>Source Files</Filter>
    </ClCompile>
    <ClCompile Include="E:\game\tests\test_scene_file.cpp">
      <Filter>Source Files</Filter>
    </ClCompile>
    <ClCompile Include="E:\game\tests\test_scene_export.cpp">
      <Filter>Source Files</Filter>
    </ClCompile>
    <ClCompile Include="E:\game\tests\test_manifest.cpp">
      <Filter>Source Files</Filter>
    </ClCompile>
    <ClCompile Include="E:\game\tests\test_nav.cpp">
      <Filter>Source Files</Filter>
    </ClCompile>
    <ClCompile Include="E:\game\tests\test_localization.cpp">
      <Filter>Source Files</Filter>
    </ClCompile>
    <ClCompile Include="E:\game\tests\test_game_runtime.cpp">
      <Filter>Source Files</Filter>
    </ClCompile>
    <ClCompile Include="E:\game\tests\test_game_runtime_m1.cpp">
      <Filter>Source Files</Filter>
    </ClCompile>
    <ClCompile Include="E:\game\tests\test_gltf_skin.cpp">
      <Filter>Source Files</Filter>
    </ClCompile>
    <ClCompile Include="E:\game\tests\test_anim.cpp">
      <Filter>Source Files</Filter>
    </ClCompile>
    <ClCompile Include="E:\game\tests\test_combat.cpp">
      <Filter>Source Files</Filter>
    </ClCompile>
    <ClCompile Include="E:\game\tests\test_lagcomp.cpp">
      <Filter>Source Files</Filter>
    </ClCompile>
    <ClCompile Include="E:\game\tests\test_skinned.cpp">
      <Filter>Source Files</Filter>
    </ClCompile>
    <ClCompile Include="E:\game\tests\test_shadow.cpp">
      <Filter>Source Files</Filter>
    </ClCompile>
    <ClCompile Include="E:\game\tests\test_log.cpp">
      <Filter>Source Files</Filter>
    </ClCompile>
    <ClCompile Include="E:\game\tests\test_spatial.cpp">
      <Filter>Source Files</Filter>
    </ClCompile>
    <ClCompile Include="E:\game\tests\test_post.cpp">
      <Filter>Source Files</Filter>
    </ClCompile>
    <ClCompile Include="E:\game\tests\test_ibl.cpp">
      <Filter>Source Files</Filter>
    </ClCompile>
    <ClCompile Include="E:\game\tests\test_history.cpp">
      <Filter>Source Files</Filter>
    </ClCompile>
    <ClCompile Include="E:\game\tests\test_bt_editor.cpp">
      <Filter>Source Files</Filter>
    </ClCompile>
    <ClCompile Include="E:\game\tests\test_script_panel.cpp">
      <Filter>Source Files</Filter>
    </ClCompile>
    <ClCompile Include="E:\game\tests\test_packager.cpp">
      <Filter>Source Files</Filter>
    </ClCompile>
    <ClCompile Include="E:\game\tests\test_player.cpp">
      <Filter>Source Files</Filter>
    </ClCompile>
    <ClCompile Include="E:\game\tests\test_audio.cpp">
      <Filter>Source Files</Filter>
    </ClCompile>
    <ClCompile Include="E:\game\tests\test_async.cpp">
      <Filter>Source Files</Filter>
    </ClCompile>
    <ClCompile Include="E:\game\tests\test_lod.cpp">
      <Filter>Source Files</Filter>
    </ClCompile>
    <ClCompile Include="E:\game\tests\test_world_chunk.cpp">
      <Filter>Source Files</Filter>
    </ClCompile>
    <ClCompile Include="E:\game\tests\test_ecs_parallel.cpp">
      <Filter>Source Files</Filter>
    </ClCompile>
    <ClCompile Include="E:\game\tests\test_system_scheduler.cpp">
      <Filter>Source Files</Filter>
    </ClCompile>
    <ClCompile Include="E:\game\tests\test_reliable.cpp">
      <Filter>Source Files</Filter>
    </ClCompile>
    <ClCompile Include="E:\game\tests\test_server.cpp">
      <Filter>Source Files</Filter>
    </ClCompile>
    <ClCompile Include="E:\game\tests\test_client_sync.cpp">
      <Filter>Source Files</Filter>
    </ClCompile>
    <ClCompile Include="E:\game\tests\test_determinism.cpp">
      <Filter>Source Files</Filter>
    </ClCompile>
    <ClCompile Include="E:\game\tests\test_aoi.cpp">
      <Filter>Source Files</Filter>
    </ClCompile>
    <ClCompile Include="E:\game\tests\test_asset_lifecycle.cpp">
      <Filter>Source Files</Filter>
    </ClCompile>
    <ClCompile Include="E:\game\tests\test_jolt.cpp">
      <Filter>Source Files</Filter>
    </ClCompile>
    <ClCompile Include="E:\game\editor\src\history.cpp">
      <Filter>Source Files</Filter>
    </ClCompile>
    <ClCompile Include="E:\game\editor\src\packager.cpp">
      <Filter>Source Files</Filter>
    </ClCompile>
    <ClCompile Include="E:\game\server\src\game_server.cpp">
      <Filter>Source Files</Filter>
    </ClCompile>
    <ClCompile Include="E:\game\server\src\aoi.cpp">
      <Filter>Source Files</Filter>
    </ClCompile>
    <ClCompile Include="E:\game\game\src\client_sync.cpp">
      <Filter>Source Files</Filter>
    </ClCompile>
  </ItemGroup>
  <ItemGroup>
    <CustomBuild Include="E:\game\CMakeLists.txt" />
  </ItemGroup>
  <ItemGroup>
    <Filter Include="Source Files">
      <UniqueIdentifier>{CED6A5C8-3C27-3348-86F6-C03536E21D0F}</UniqueIdentifier>
    </Filter>
  </ItemGroup>
</Project>
