<?xml version="1.0" encoding="utf-8"?>
<Project ToolsVersion="17.0" xmlns="http://schemas.microsoft.com/developer/msbuild/2003">
  <ItemGroup>
    <CustomBuild Include="E:\game\build_js\CMakeFiles\7308c94e4159f43125d4cd959a66140e\RUN_TESTS_force.rule">
      <Filter>CMake Rules</Filter>
    </CustomBuild>
  </ItemGroup>
  <ItemGroup>
    <Filter Include="CMake Rules">
      <UniqueIdentifier>{26F3A880-4CD6-329E-94E6-AD4F77D0D52C}</UniqueIdentifier>
    </Filter>
  </ItemGroup>
</Project>
